
Microsoft Visual Studio Solution File, Format Version 12.00
# Visual Studio Version 17
VisualStudioVersion = 17.3.32819.101
MinimumVisualStudioVersion = 10.0.40219.1
Project("{FAE04EC0-301F-11D3-BF4B-00C04F79EFBC}") = "Codificador", "Codificador\Codificador.csproj", "{2FC28E63-7D20-406F-841D-57DB74182835}"
EndProject
Project("{FAE04EC0-301F-11D3-BF4B-00C04F79EFBC}") = "Servidor", "Servidor\Servidor.csproj", "{29A86108-4D6A-45C2-8C73-48E0C49E7C5E}"
EndProject
Project("{FAE04EC0-301F-11D3-BF4B-00C04F79EFBC}") = "Cliente", "Cliente\Cliente.csproj", "{9DC8F37D-3AA8-4CDA-A544-4B9BBC203FAA}"
EndProject
Global
	GlobalSection(SolutionConfigurationPlatforms) = preSolution
		Debug|Any CPU = Debug|Any CPU
		Release|Any CPU = Release|Any CPU
	EndGlobalSection
	GlobalSection(ProjectConfigurationPlatforms) = postSolution
		{2FC28E63-7D20-406F-841D-57DB74182835}.Debug|Any CPU.ActiveCfg = Debug|Any CPU
		{2FC28E63-7D20-406F-841D-57DB74182835}.Debug|Any CPU.Build.0 = Debug|Any CPU
		{2FC28E63-7D20-406F-841D-57DB74182835}.Release|Any CPU.ActiveCfg = Release|Any CPU
		{2FC28E63-7D20-406F-841D-57DB74182835}.Release|Any CPU.Build.0 = Release|Any CPU
		{29A86108-4D6A-45C2-8C73-48E0C49E7C5E}.Debug|Any CPU.ActiveCfg = Debug|Any CPU
		{29A86108-4D6A-45C2-8C73-48E0C49E7C5E}.Debug|Any CPU.Build.0 = Debug|Any CPU
		{29A86108-4D6A-45C2-8C73-48E0C49E7C5E}.Release|Any CPU.ActiveCfg = Release|Any CPU
		{29A86108-4D6A-45C2-8C73-48E0C49E7C5E}.Release|Any CPU.Build.0 = Release|Any CPU
		{9DC8F37D-3AA8-4CDA-A544-4B9BBC203FAA}.Debug|Any CPU.ActiveCfg = Debug|Any CPU
		{9DC8F37D-3AA8-4CDA-A544-4B9BBC203FAA}.Debug|Any CPU.Build.0 = Debug|Any CPU
		{9DC8F37D-3AA8-4CDA-A544-4B9BBC203FAA}.Release|Any CPU.ActiveCfg = Release|Any CPU
		{9DC8F37D-3AA8-4CDA-A544-4B9BBC203FAA}.Release|Any CPU.Build.0 = Release|Any CPU
	EndGlobalSection
	GlobalSection(SolutionProperties) = preSolution
		HideSolutionNode = FALSE
	EndGlobalSection
	GlobalSection(ExtensibilityGlobals) = postSolution
		SolutionGuid = {77FF6C7D-06F2-4B89-B4A4-C29284683F9A}
	EndGlobalSection
EndGlobal
